{
  "originHash" : "c37590503fa09004f6c74577006ba7849e3f4dfcecfd1221f4faeb759bbc276b",
  "pins" : [
    {
      "identity" : "logging-kit",
      "kind" : "remoteSourceControl",
      "location" : "https://github.com/zhtut/logging-kit.git",
      "state" : {
        "revision" : "647f8b93e35aa86715e971a5cb32e6157c1ff2ba",
        "version" : "0.1.2"
      }
    },
    {
      "identity" : "swift-log",
      "kind" : "remoteSourceControl",
      "location" : "https://github.com/apple/swift-log.git",
      "state" : {
        "revision" : "ce592ae52f982c847a4efc0dd881cc9eb32d29f2",
        "version" : "1.6.4"
      }
    }
  ],
  "version" : 3
}
